<?xml version="1.0" encoding="utf-8"?>
<Project ToolsVersion="17.0" xmlns="http://schemas.microsoft.com/developer/msbuild/2003">
  <ItemGroup>
    <CustomBuild Include="C:\Users\zhang\source\repos\shinhs0506\SugarLevelHigh\CMakeFiles\1c31a90a2f9f2fcd0ba61ed28f3fd1e8\generate.stamp.rule">
      <Filter>CMake Rules</Filter>
    </CustomBuild>
  </ItemGroup>
  <ItemGroup>
    <Filter Include="CMake Rules">
      <UniqueIdentifier>{4EFCE1AD-EBA7-3DAE-A207-88D16004A378}</UniqueIdentifier>
    </Filter>
  </ItemGroup>
</Project>
